
Microsoft Visual Studio Solution File, Format Version 12.00
# Visual Studio 15
VisualStudioVersion = 15.0.27703.2000
MinimumVisualStudioVersion = 10.0.40219.1
Project("{9A19103F-16F7-4668-BE54-9A1E7A4F7556}") = "AOP", "AOP\AOP.csproj", "{C634169F-819F-456D-88F3-2D58B10380C9}"
EndProject
Project("{9A19103F-16F7-4668-BE54-9A1E7A4F7556}") = "AOP.Tests", "AOP.Tests\AOP.Tests.csproj", "{E4B70C27-A66F-4413-A0ED-C69C38823FA2}"
EndProject
Global
	GlobalSection(SolutionConfigurationPlatforms) = preSolution
		Debug|Any CPU = Debug|Any CPU
		Release|Any CPU = Release|Any CPU
	EndGlobalSection
	GlobalSection(ProjectConfigurationPlatforms) = postSolution
		{C634169F-819F-456D-88F3-2D58B10380C9}.Debug|Any CPU.ActiveCfg = Debug|Any CPU
		{C634169F-819F-456D-88F3-2D58B10380C9}.Debug|Any CPU.Build.0 = Debug|Any CPU
		{C634169F-819F-456D-88F3-2D58B10380C9}.Release|Any CPU.ActiveCfg = Release|Any CPU
		{C634169F-819F-456D-88F3-2D58B10380C9}.Release|Any CPU.Build.0 = Release|Any CPU
		{E4B70C27-A66F-4413-A0ED-C69C38823FA2}.Debug|Any CPU.ActiveCfg = Debug|Any CPU
		{E4B70C27-A66F-4413-A0ED-C69C38823FA2}.Debug|Any CPU.Build.0 = Debug|Any CPU
		{E4B70C27-A66F-4413-A0ED-C69C38823FA2}.Release|Any CPU.ActiveCfg = Release|Any CPU
		{E4B70C27-A66F-4413-A0ED-C69C38823FA2}.Release|Any CPU.Build.0 = Release|Any CPU
	EndGlobalSection
	GlobalSection(SolutionProperties) = preSolution
		HideSolutionNode = FALSE
	EndGlobalSection
	GlobalSection(ExtensibilityGlobals) = postSolution
		SolutionGuid = {4191FF11-0DD7-4B26-A33D-52886209DD64}
	EndGlobalSection
EndGlobal
